// !$*UTF8*$!
{
	archiveVersion = 1;
	classes = {
	};
	objectVersion = 50;
	objects = {

/* Begin PBXBuildFile section */
		8409415923A3D036003E7547 /* LevelGenerator.swift in Sources */ = {isa = PBXBuildFile; fileRef = 8409415823A3D036003E7547 /* LevelGenerator.swift */; };
		8409415A23A3D036003E7547 /* LevelGenerator.swift in Sources */ = {isa = PBXBuildFile; fileRef = 8409415823A3D036003E7547 /* LevelGenerator.swift */; };
		844F9D2223337A01003A0498 /* AppDelegate.swift in Sources */ = {isa = PBXBuildFile; fileRef = 844F9D2123337A01003A0498 /* AppDelegate.swift */; };
		844F9D2423337A01003A0498 /* ViewController.swift in Sources */ = {isa = PBXBuildFile; fileRef = 844F9D2323337A01003A0498 /* ViewController.swift */; };
		844F9D2723337A01003A0498 /* Main.storyboard in Resources */ = {isa = PBXBuildFile; fileRef = 844F9D2523337A01003A0498 /* Main.storyboard */; };
		844F9D2923337A03003A0498 /* Assets.xcassets in Resources */ = {isa = PBXBuildFile; fileRef = 844F9D2823337A03003A0498 /* Assets.xcassets */; };
		844F9D2C23337A03003A0498 /* LaunchScreen.storyboard in Resources */ = {isa = PBXBuildFile; fileRef = 844F9D2A23337A03003A0498 /* LaunchScreen.storyboard */; };
		844F9D3123337A03003A0498 /* testWatch0.1 WatchKit App.app in Embed Watch Content */ = {isa = PBXBuildFile; fileRef = 844F9D3023337A03003A0498 /* testWatch0.1 WatchKit App.app */; };
		844F9D3723337A03003A0498 /* Interface.storyboard in Resources */ = {isa = PBXBuildFile; fileRef = 844F9D3523337A03003A0498 /* Interface.storyboard */; };
		844F9D3923337A04003A0498 /* Assets.xcassets in Resources */ = {isa = PBXBuildFile; fileRef = 844F9D3823337A04003A0498 /* Assets.xcassets */; };
		844F9D4023337A04003A0498 /* testWatch0.1 WatchKit Extension.appex in Embed App Extensions */ = {isa = PBXBuildFile; fileRef = 844F9D3F23337A04003A0498 /* testWatch0.1 WatchKit Extension.appex */; settings = {ATTRIBUTES = (RemoveHeadersOnCopy, ); }; };
		844F9D4723337A04003A0498 /* ExtensionDelegate.swift in Sources */ = {isa = PBXBuildFile; fileRef = 844F9D4623337A04003A0498 /* ExtensionDelegate.swift */; };
		844F9D4923337A04003A0498 /* Assets.xcassets in Resources */ = {isa = PBXBuildFile; fileRef = 844F9D4823337A04003A0498 /* Assets.xcassets */; };
		844F9D592333B105003A0498 /* MenuLevelInterfaceController.swift in Sources */ = {isa = PBXBuildFile; fileRef = 844F9D582333B105003A0498 /* MenuLevelInterfaceController.swift */; };
		844F9D5B2333B1B4003A0498 /* EasyLevelInterfaceController.swift in Sources */ = {isa = PBXBuildFile; fileRef = 844F9D5A2333B1B4003A0498 /* EasyLevelInterfaceController.swift */; };
		844F9D5D2333B1DD003A0498 /* SettingsInterfaceController.swift in Sources */ = {isa = PBXBuildFile; fileRef = 844F9D5C2333B1DD003A0498 /* SettingsInterfaceController.swift */; };
		844F9D60233525A1003A0498 /* Storage.json in Resources */ = {isa = PBXBuildFile; fileRef = 844F9D5F233525A1003A0498 /* Storage.json */; };
		844F9D61233525F2003A0498 /* Storage.json in Resources */ = {isa = PBXBuildFile; fileRef = 844F9D5F233525A1003A0498 /* Storage.json */; };
		844F9D66233536B7003A0498 /* InterfaceController.swift in Sources */ = {isa = PBXBuildFile; fileRef = 844F9D65233536B7003A0498 /* InterfaceController.swift */; };
		844F9D67233536B7003A0498 /* InterfaceController.swift in Sources */ = {isa = PBXBuildFile; fileRef = 844F9D65233536B7003A0498 /* InterfaceController.swift */; };
		84B8776E23A53F8500A78E1F /* Game.swift in Sources */ = {isa = PBXBuildFile; fileRef = 84B8776D23A53F8500A78E1F /* Game.swift */; };
		84B8776F23A53F8500A78E1F /* Game.swift in Sources */ = {isa = PBXBuildFile; fileRef = 84B8776D23A53F8500A78E1F /* Game.swift */; };
		84B8777123A5425F00A78E1F /* Level.swift in Sources */ = {isa = PBXBuildFile; fileRef = 84B8777023A5425F00A78E1F /* Level.swift */; };
		84B8777223A5425F00A78E1F /* Level.swift in Sources */ = {isa = PBXBuildFile; fileRef = 84B8777023A5425F00A78E1F /* Level.swift */; };
		84B8777423A56B8000A78E1F /* EndEasyGameInterfaceController.swift in Sources */ = {isa = PBXBuildFile; fileRef = 84B8777323A56B8000A78E1F /* EndEasyGameInterfaceController.swift */; };
		84B8777523A56B8000A78E1F /* EndEasyGameInterfaceController.swift in Sources */ = {isa = PBXBuildFile; fileRef = 84B8777323A56B8000A78E1F /* EndEasyGameInterfaceController.swift */; };
/* End PBXBuildFile section */

/* Begin PBXContainerItemProxy section */
		844F9D3223337A03003A0498 /* PBXContainerItemProxy */ = {
			isa = PBXContainerItemProxy;
			containerPortal = 844F9D1623337A01003A0498 /* Project object */;
			proxyType = 1;
			remoteGlobalIDString = 844F9D2F23337A03003A0498;
			remoteInfo = "testWatch0.1 WatchKit App";
		};
		844F9D4123337A04003A0498 /* PBXContainerItemProxy */ = {
			isa = PBXContainerItemProxy;
			containerPortal = 844F9D1623337A01003A0498 /* Project object */;
			proxyType = 1;
			remoteGlobalIDString = 844F9D3E23337A04003A0498;
			remoteInfo = "testWatch0.1 WatchKit Extension";
		};
/* End PBXContainerItemProxy section */

/* Begin PBXCopyFilesBuildPhase section */
		844F9D5023337A04003A0498 /* Embed App Extensions */ = {
			isa = PBXCopyFilesBuildPhase;
			buildActionMask = 2147483647;
			dstPath = "";
			dstSubfolderSpec = 13;
			files = (
				844F9D4023337A04003A0498 /* testWatch0.1 WatchKit Extension.appex in Embed App Extensions */,
			);
			name = "Embed App Extensions";
			runOnlyForDeploymentPostprocessing = 0;
		};
		844F9D5423337A04003A0498 /* Embed Watch Content */ = {
			isa = PBXCopyFilesBuildPhase;
			buildActionMask = 2147483647;
			dstPath = "$(CONTENTS_FOLDER_PATH)/Watch";
			dstSubfolderSpec = 16;
			files = (
				844F9D3123337A03003A0498 /* testWatch0.1 WatchKit App.app in Embed Watch Content */,
			);
			name = "Embed Watch Content";
			runOnlyForDeploymentPostprocessing = 0;
		};
/* End PBXCopyFilesBuildPhase section */

/* Begin PBXFileReference section */
		8409415823A3D036003E7547 /* LevelGenerator.swift */ = {isa = PBXFileReference; lastKnownFileType = sourcecode.swift; path = LevelGenerator.swift; sourceTree = "<group>"; };
		844F9D1E23337A01003A0498 /* testWatch0.1.app */ = {isa = PBXFileReference; explicitFileType = wrapper.application; includeInIndex = 0; path = testWatch0.1.app; sourceTree = BUILT_PRODUCTS_DIR; };
		844F9D2123337A01003A0498 /* AppDelegate.swift */ = {isa = PBXFileReference; lastKnownFileType = sourcecode.swift; path = AppDelegate.swift; sourceTree = "<group>"; };
		844F9D2323337A01003A0498 /* ViewController.swift */ = {isa = PBXFileReference; lastKnownFileType = sourcecode.swift; path = ViewController.swift; sourceTree = "<group>"; };
		844F9D2623337A01003A0498 /* Base */ = {isa = PBXFileReference; lastKnownFileType = file.storyboard; name = Base; path = Base.lproj/Main.storyboard; sourceTree = "<group>"; };
		844F9D2823337A03003A0498 /* Assets.xcassets */ = {isa = PBXFileReference; lastKnownFileType = folder.assetcatalog; path = Assets.xcassets; sourceTree = "<group>"; };
		844F9D2B23337A03003A0498 /* Base */ = {isa = PBXFileReference; lastKnownFileType = file.storyboard; name = Base; path = Base.lproj/LaunchScreen.storyboard; sourceTree = "<group>"; };
		844F9D2D23337A03003A0498 /* Info.plist */ = {isa = PBXFileReference; lastKnownFileType = text.plist.xml; path = Info.plist; sourceTree = "<group>"; };
		844F9D3023337A03003A0498 /* testWatch0.1 WatchKit App.app */ = {isa = PBXFileReference; explicitFileType = wrapper.application; includeInIndex = 0; path = "testWatch0.1 WatchKit App.app"; sourceTree = BUILT_PRODUCTS_DIR; };
		844F9D3623337A03003A0498 /* Base */ = {isa = PBXFileReference; lastKnownFileType = file.storyboard; name = Base; path = Base.lproj/Interface.storyboard; sourceTree = "<group>"; };
		844F9D3823337A04003A0498 /* Assets.xcassets */ = {isa = PBXFileReference; lastKnownFileType = folder.assetcatalog; path = Assets.xcassets; sourceTree = "<group>"; };
		844F9D3A23337A04003A0498 /* Info.plist */ = {isa = PBXFileReference; lastKnownFileType = text.plist.xml; path = Info.plist; sourceTree = "<group>"; };
		844F9D3F23337A04003A0498 /* testWatch0.1 WatchKit Extension.appex */ = {isa = PBXFileReference; explicitFileType = "wrapper.app-extension"; includeInIndex = 0; path = "testWatch0.1 WatchKit Extension.appex"; sourceTree = BUILT_PRODUCTS_DIR; };
		844F9D4623337A04003A0498 /* ExtensionDelegate.swift */ = {isa = PBXFileReference; lastKnownFileType = sourcecode.swift; path = ExtensionDelegate.swift; sourceTree = "<group>"; };
		844F9D4823337A04003A0498 /* Assets.xcassets */ = {isa = PBXFileReference; lastKnownFileType = folder.assetcatalog; path = Assets.xcassets; sourceTree = "<group>"; };
		844F9D4A23337A04003A0498 /* Info.plist */ = {isa = PBXFileReference; lastKnownFileType = text.plist.xml; path = Info.plist; sourceTree = "<group>"; };
		844F9D582333B105003A0498 /* MenuLevelInterfaceController.swift */ = {isa = PBXFileReference; lastKnownFileType = sourcecode.swift; path = MenuLevelInterfaceController.swift; sourceTree = "<group>"; };
		844F9D5A2333B1B4003A0498 /* EasyLevelInterfaceController.swift */ = {isa = PBXFileReference; lastKnownFileType = sourcecode.swift; path = EasyLevelInterfaceController.swift; sourceTree = "<group>"; };
		844F9D5C2333B1DD003A0498 /* SettingsInterfaceController.swift */ = {isa = PBXFileReference; lastKnownFileType = sourcecode.swift; path = SettingsInterfaceController.swift; sourceTree = "<group>"; };
		844F9D5F233525A1003A0498 /* Storage.json */ = {isa = PBXFileReference; explicitFileType = text.json; path = Storage.json; sourceTree = "<group>"; };
		844F9D65233536B7003A0498 /* InterfaceController.swift */ = {isa = PBXFileReference; lastKnownFileType = sourcecode.swift; path = InterfaceController.swift; sourceTree = "<group>"; };
		84B8776D23A53F8500A78E1F /* Game.swift */ = {isa = PBXFileReference; lastKnownFileType = sourcecode.swift; path = Game.swift; sourceTree = "<group>"; };
		84B8777023A5425F00A78E1F /* Level.swift */ = {isa = PBXFileReference; lastKnownFileType = sourcecode.swift; path = Level.swift; sourceTree = "<group>"; };
		84B8777323A56B8000A78E1F /* EndEasyGameInterfaceController.swift */ = {isa = PBXFileReference; lastKnownFileType = sourcecode.swift; path = EndEasyGameInterfaceController.swift; sourceTree = "<group>"; };
/* End PBXFileReference section */

/* Begin PBXFrameworksBuildPhase section */
		844F9D1B23337A01003A0498 /* Frameworks */ = {
			isa = PBXFrameworksBuildPhase;
			buildActionMask = 2147483647;
			files = (
			);
			runOnlyForDeploymentPostprocessing = 0;
		};
		844F9D3C23337A04003A0498 /* Frameworks */ = {
			isa = PBXFrameworksBuildPhase;
			buildActionMask = 2147483647;
			files = (
			);
			runOnlyForDeploymentPostprocessing = 0;
		};
/* End PBXFrameworksBuildPhase section */

/* Begin PBXGroup section */
		844F9D1523337A01003A0498 = {
			isa = PBXGroup;
			children = (
				844F9D5E23352514003A0498 /* Shared */,
				844F9D2023337A01003A0498 /* testWatch0.1 */,
				844F9D3423337A03003A0498 /* testWatch0.1 WatchKit App */,
				844F9D4323337A04003A0498 /* testWatch0.1 WatchKit Extension */,
				844F9D1F23337A01003A0498 /* Products */,
			);
			sourceTree = "<group>";
		};
		844F9D1F23337A01003A0498 /* Products */ = {
			isa = PBXGroup;
			children = (
				844F9D1E23337A01003A0498 /* testWatch0.1.app */,
				844F9D3023337A03003A0498 /* testWatch0.1 WatchKit App.app */,
				844F9D3F23337A04003A0498 /* testWatch0.1 WatchKit Extension.appex */,
			);
			name = Products;
			sourceTree = "<group>";
		};
		844F9D2023337A01003A0498 /* testWatch0.1 */ = {
			isa = PBXGroup;
			children = (
				844F9D2123337A01003A0498 /* AppDelegate.swift */,
				844F9D2323337A01003A0498 /* ViewController.swift */,
				844F9D2523337A01003A0498 /* Main.storyboard */,
				844F9D2823337A03003A0498 /* Assets.xcassets */,
				844F9D2A23337A03003A0498 /* LaunchScreen.storyboard */,
				844F9D2D23337A03003A0498 /* Info.plist */,
			);
			path = testWatch0.1;
			sourceTree = "<group>";
		};
		844F9D3423337A03003A0498 /* testWatch0.1 WatchKit App */ = {
			isa = PBXGroup;
			children = (
				844F9D3523337A03003A0498 /* Interface.storyboard */,
				844F9D3823337A04003A0498 /* Assets.xcassets */,
				844F9D3A23337A04003A0498 /* Info.plist */,
			);
			path = "testWatch0.1 WatchKit App";
			sourceTree = "<group>";
		};
		844F9D4323337A04003A0498 /* testWatch0.1 WatchKit Extension */ = {
			isa = PBXGroup;
			children = (
				844F9D4623337A04003A0498 /* ExtensionDelegate.swift */,
				844F9D4823337A04003A0498 /* Assets.xcassets */,
				844F9D4A23337A04003A0498 /* Info.plist */,
				844F9D582333B105003A0498 /* MenuLevelInterfaceController.swift */,
				844F9D5C2333B1DD003A0498 /* SettingsInterfaceController.swift */,
				844F9D65233536B7003A0498 /* InterfaceController.swift */,
				8409415823A3D036003E7547 /* LevelGenerator.swift */,
				844F9D5A2333B1B4003A0498 /* EasyLevelInterfaceController.swift */,
				84B8776D23A53F8500A78E1F /* Game.swift */,
				84B8777023A5425F00A78E1F /* Level.swift */,
				84B8777323A56B8000A78E1F /* EndEasyGameInterfaceController.swift */,
			);
			path = "testWatch0.1 WatchKit Extension";
			sourceTree = "<group>";
		};
		844F9D5E23352514003A0498 /* Shared */ = {
			isa = PBXGroup;
			children = (
				844F9D5F233525A1003A0498 /* Storage.json */,
			);
			path = Shared;
			sourceTree = "<group>";
		};
/* End PBXGroup section */

/* Begin PBXNativeTarget section */
		844F9D1D23337A01003A0498 /* testWatch0.1 */ = {
			isa = PBXNativeTarget;
			buildConfigurationList = 844F9D5523337A04003A0498 /* Build configuration list for PBXNativeTarget "testWatch0.1" */;
			buildPhases = (
				844F9D1A23337A01003A0498 /* Sources */,
				844F9D1B23337A01003A0498 /* Frameworks */,
				844F9D1C23337A01003A0498 /* Resources */,
				844F9D5423337A04003A0498 /* Embed Watch Content */,
			);
			buildRules = (
			);
			dependencies = (
				844F9D3323337A03003A0498 /* PBXTargetDependency */,
			);
			name = testWatch0.1;
			productName = testWatch0.1;
			productReference = 844F9D1E23337A01003A0498 /* testWatch0.1.app */;
			productType = "com.apple.product-type.application";
		};
		844F9D2F23337A03003A0498 /* testWatch0.1 WatchKit App */ = {
			isa = PBXNativeTarget;
			buildConfigurationList = 844F9D5123337A04003A0498 /* Build configuration list for PBXNativeTarget "testWatch0.1 WatchKit App" */;
			buildPhases = (
				844F9D2E23337A03003A0498 /* Resources */,
				844F9D5023337A04003A0498 /* Embed App Extensions */,
			);
			buildRules = (
			);
			dependencies = (
				844F9D4223337A04003A0498 /* PBXTargetDependency */,
			);
			name = "testWatch0.1 WatchKit App";
			productName = "testWatch0.1 WatchKit App";
			productReference = 844F9D3023337A03003A0498 /* testWatch0.1 WatchKit App.app */;
			productType = "com.apple.product-type.application.watchapp2";
		};
		844F9D3E23337A04003A0498 /* testWatch0.1 WatchKit Extension */ = {
			isa = PBXNativeTarget;
			buildConfigurationList = 844F9D4D23337A04003A0498 /* Build configuration list for PBXNativeTarget "testWatch0.1 WatchKit Extension" */;
			buildPhases = (
				844F9D3B23337A04003A0498 /* Sources */,
				844F9D3C23337A04003A0498 /* Frameworks */,
				844F9D3D23337A04003A0498 /* Resources */,
			);
			buildRules = (
			);
			dependencies = (
			);
			name = "testWatch0.1 WatchKit Extension";
			productName = "testWatch0.1 WatchKit Extension";
			productReference = 844F9D3F23337A04003A0498 /* testWatch0.1 WatchKit Extension.appex */;
			productType = "com.apple.product-type.watchkit2-extension";
		};
/* End PBXNativeTarget section */

/* Begin PBXProject section */
		844F9D1623337A01003A0498 /* Project object */ = {
			isa = PBXProject;
			attributes = {
				LastSwiftUpdateCheck = 1020;
				LastUpgradeCheck = 1020;
				ORGANIZATIONNAME = Admin;
				TargetAttributes = {
					844F9D1D23337A01003A0498 = {
						CreatedOnToolsVersion = 10.2.1;
					};
					844F9D2F23337A03003A0498 = {
						CreatedOnToolsVersion = 10.2.1;
						LastSwiftMigration = 1020;
					};
					844F9D3E23337A04003A0498 = {
						CreatedOnToolsVersion = 10.2.1;
					};
				};
			};
			buildConfigurationList = 844F9D1923337A01003A0498 /* Build configuration list for PBXProject "testWatch0.1" */;
			compatibilityVersion = "Xcode 9.3";
			developmentRegion = en;
			hasScannedForEncodings = 0;
			knownRegions = (
				en,
				Base,
			);
			mainGroup = 844F9D1523337A01003A0498;
			productRefGroup = 844F9D1F23337A01003A0498 /* Products */;
			projectDirPath = "";
			projectRoot = "";
			targets = (
				844F9D1D23337A01003A0498 /* testWatch0.1 */,
				844F9D2F23337A03003A0498 /* testWatch0.1 WatchKit App */,
				844F9D3E23337A04003A0498 /* testWatch0.1 WatchKit Extension */,
			);
		};
/* End PBXProject section */

/* Begin PBXResourcesBuildPhase section */
		844F9D1C23337A01003A0498 /* Resources */ = {
			isa = PBXResourcesBuildPhase;
			buildActionMask = 2147483647;
			files = (
				844F9D2C23337A03003A0498 /* LaunchScreen.storyboard in Resources */,
				844F9D61233525F2003A0498 /* Storage.json in Resources */,
				844F9D2923337A03003A0498 /* Assets.xcassets in Resources */,
				844F9D2723337A01003A0498 /* Main.storyboard in Resources */,
			);
			runOnlyForDeploymentPostprocessing = 0;
		};
		844F9D2E23337A03003A0498 /* Resources */ = {
			isa = PBXResourcesBuildPhase;
			buildActionMask = 2147483647;
			files = (
				844F9D3923337A04003A0498 /* Assets.xcassets in Resources */,
				844F9D3723337A03003A0498 /* Interface.storyboard in Resources */,
			);
			runOnlyForDeploymentPostprocessing = 0;
		};
		844F9D3D23337A04003A0498 /* Resources */ = {
			isa = PBXResourcesBuildPhase;
			buildActionMask = 2147483647;
			files = (
				844F9D60233525A1003A0498 /* Storage.json in Resources */,
				844F9D4923337A04003A0498 /* Assets.xcassets in Resources */,
			);
			runOnlyForDeploymentPostprocessing = 0;
		};
/* End PBXResourcesBuildPhase section */

/* Begin PBXSourcesBuildPhase section */
		844F9D1A23337A01003A0498 /* Sources */ = {
			isa = PBXSourcesBuildPhase;
			buildActionMask = 2147483647;
			files = (
				84B8777123A5425F00A78E1F /* Level.swift in Sources */,
				84B8777423A56B8000A78E1F /* EndEasyGameInterfaceController.swift in Sources */,
				844F9D66233536B7003A0498 /* InterfaceController.swift in Sources */,
				84B8776E23A53F8500A78E1F /* Game.swift in Sources */,
				844F9D2423337A01003A0498 /* ViewController.swift in Sources */,
				8409415923A3D036003E7547 /* LevelGenerator.swift in Sources */,
				844F9D2223337A01003A0498 /* AppDelegate.swift in Sources */,
			);
			runOnlyForDeploymentPostprocessing = 0;
		};
		844F9D3B23337A04003A0498 /* Sources */ = {
			isa = PBXSourcesBuildPhase;
			buildActionMask = 2147483647;
			files = (
				844F9D67233536B7003A0498 /* InterfaceController.swift in Sources */,
				844F9D5B2333B1B4003A0498 /* EasyLevelInterfaceController.swift in Sources */,
				84B8777523A56B8000A78E1F /* EndEasyGameInterfaceController.swift in Sources */,
				84B8776F23A53F8500A78E1F /* Game.swift in Sources */,
				844F9D5D2333B1DD003A0498 /* SettingsInterfaceController.swift in Sources */,
				844F9D592333B105003A0498 /* MenuLevelInterfaceController.swift in Sources */,
				8409415A23A3D036003E7547 /* LevelGenerator.swift in Sources */,
				84B8777223A5425F00A78E1F /* Level.swift in Sources */,
				844F9D4723337A04003A0498 /* ExtensionDelegate.swift in Sources */,
			);
			runOnlyForDeploymentPostprocessing = 0;
		};
/* End PBXSourcesBuildPhase section */

/* Begin PBXTargetDependency section */
		844F9D3323337A03003A0498 /* PBXTargetDependency */ = {
			isa = PBXTargetDependency;
			target = 844F9D2F23337A03003A0498 /* testWatch0.1 WatchKit App */;
			targetProxy = 844F9D3223337A03003A0498 /* PBXContainerItemProxy */;
		};
		844F9D4223337A04003A0498 /* PBXTargetDependency */ = {
			isa = PBXTargetDependency;
			target = 844F9D3E23337A04003A0498 /* testWatch0.1 WatchKit Extension */;
			targetProxy = 844F9D4123337A04003A0498 /* PBXContainerItemProxy */;
		};
/* End PBXTargetDependency section */

/* Begin PBXVariantGroup section */
		844F9D2523337A01003A0498 /* Main.storyboard */ = {
			isa = PBXVariantGroup;
			children = (
				844F9D2623337A01003A0498 /* Base */,
			);
			name = Main.storyboard;
			sourceTree = "<group>";
		};
		844F9D2A23337A03003A0498 /* LaunchScreen.storyboard */ = {
			isa = PBXVariantGroup;
			children = (
				844F9D2B23337A03003A0498 /* Base */,
			);
			name = LaunchScreen.storyboard;
			sourceTree = "<group>";
		};
		844F9D3523337A03003A0498 /* Interface.storyboard */ = {
			isa = PBXVariantGroup;
			children = (
				844F9D3623337A03003A0498 /* Base */,
			);
			name = Interface.storyboard;
			sourceTree = "<group>";
		};
/* End PBXVariantGroup section */

/* Begin XCBuildConfiguration section */
		844F9D4B23337A04003A0498 /* Debug */ = {
			isa = XCBuildConfiguration;
			buildSettings = {
				ALWAYS_SEARCH_USER_PATHS = NO;
				CLANG_ANALYZER_NONNULL = YES;
				CLANG_ANALYZER_NUMBER_OBJECT_CONVERSION = YES_AGGRESSIVE;
				CLANG_CXX_LANGUAGE_STANDARD = "gnu++14";
				CLANG_CXX_LIBRARY = "libc++";
				CLANG_ENABLE_MODULES = YES;
				CLANG_ENABLE_OBJC_ARC = YES;
				CLANG_ENABLE_OBJC_WEAK = YES;
				CLANG_WARN_BLOCK_CAPTURE_AUTORELEASING = YES;
				CLANG_WARN_BOOL_CONVERSION = YES;
				CLANG_WARN_COMMA = YES;
				CLANG_WARN_CONSTANT_CONVERSION = YES;
				CLANG_WARN_DEPRECATED_OBJC_IMPLEMENTATIONS = YES;
				CLANG_WARN_DIRECT_OBJC_ISA_USAGE = YES_ERROR;
				CLANG_WARN_DOCUMENTATION_COMMENTS = YES;
				CLANG_WARN_EMPTY_BODY = YES;
				CLANG_WARN_ENUM_CONVERSION = YES;
				CLANG_WARN_INFINITE_RECURSION = YES;
				CLANG_WARN_INT_CONVERSION = YES;
				CLANG_WARN_NON_LITERAL_NULL_CONVERSION = YES;
				CLANG_WARN_OBJC_IMPLICIT_RETAIN_SELF = YES;
				CLANG_WARN_OBJC_LITERAL_CONVERSION = YES;
				CLANG_WARN_OBJC_ROOT_CLASS = YES_ERROR;
				CLANG_WARN_RANGE_LOOP_ANALYSIS = YES;
				CLANG_WARN_STRICT_PROTOTYPES = YES;
				CLANG_WARN_SUSPICIOUS_MOVE = YES;
				CLANG_WARN_UNGUARDED_AVAILABILITY = YES_AGGRESSIVE;
				CLANG_WARN_UNREACHABLE_CODE = YES;
				CLANG_WARN__DUPLICATE_METHOD_MATCH = YES;
				CODE_SIGN_IDENTITY = "iPhone Developer";
				COPY_PHASE_STRIP = NO;
				DEBUG_INFORMATION_FORMAT = dwarf;
				ENABLE_STRICT_OBJC_MSGSEND = YES;
				ENABLE_TESTABILITY = YES;
				GCC_C_LANGUAGE_STANDARD = gnu11;
				GCC_DYNAMIC_NO_PIC = NO;
				GCC_NO_COMMON_BLOCKS = YES;
				GCC_OPTIMIZATION_LEVEL = 0;
				GCC_PREPROCESSOR_DEFINITIONS = (
					"DEBUG=1",
					"$(inherited)",
				);
				GCC_WARN_64_TO_32_BIT_CONVERSION = YES;
				GCC_WARN_ABOUT_RETURN_TYPE = YES_ERROR;
				GCC_WARN_UNDECLARED_SELECTOR = YES;
				GCC_WARN_UNINITIALIZED_AUTOS = YES_AGGRESSIVE;
				GCC_WARN_UNUSED_FUNCTION = YES;
				GCC_WARN_UNUSED_VARIABLE = YES;
				IPHONEOS_DEPLOYMENT_TARGET = 12.2;
				MTL_ENABLE_DEBUG_INFO = INCLUDE_SOURCE;
				MTL_FAST_MATH = YES;
				ONLY_ACTIVE_ARCH = YES;
				SDKROOT = iphoneos;
				SWIFT_ACTIVE_COMPILATION_CONDITIONS = DEBUG;
				SWIFT_OPTIMIZATION_LEVEL = "-Onone";
			};
			name = Debug;
		};
		844F9D4C23337A04003A0498 /* Release */ = {
			isa = XCBuildConfiguration;
			buildSettings = {
				ALWAYS_SEARCH_USER_PATHS = NO;
				CLANG_ANALYZER_NONNULL = YES;
				CLANG_ANALYZER_NUMBER_OBJECT_CONVERSION = YES_AGGRESSIVE;
				CLANG_CXX_LANGUAGE_STANDARD = "gnu++14";
				CLANG_CXX_LIBRARY = "libc++";
				CLANG_ENABLE_MODULES = YES;
				CLANG_ENABLE_OBJC_ARC = YES;
				CLANG_ENABLE_OBJC_WEAK = YES;
				CLANG_WARN_BLOCK_CAPTURE_AUTORELEASING = YES;
				CLANG_WARN_BOOL_CONVERSION = YES;
				CLANG_WARN_COMMA = YES;
				CLANG_WARN_CONSTANT_CONVERSION = YES;
				CLANG_WARN_DEPRECATED_OBJC_IMPLEMENTATIONS = YES;
				CLANG_WARN_DIRECT_OBJC_ISA_USAGE = YES_ERROR;
				CLANG_WARN_DOCUMENTATION_COMMENTS = YES;
				CLANG_WARN_EMPTY_BODY = YES;
				CLANG_WARN_ENUM_CONVERSION = YES;
				CLANG_WARN_INFINITE_RECURSION = YES;
				CLANG_WARN_INT_CONVERSION = YES;
				CLANG_WARN_NON_LITERAL_NULL_CONVERSION = YES;
				CLANG_WARN_OBJC_IMPLICIT_RETAIN_SELF = YES;
				CLANG_WARN_OBJC_LITERAL_CONVERSION = YES;
				CLANG_WARN_OBJC_ROOT_CLASS = YES_ERROR;
				CLANG_WARN_RANGE_LOOP_ANALYSIS = YES;
				CLANG_WARN_STRICT_PROTOTYPES = YES;
				CLANG_WARN_SUSPICIOUS_MOVE = YES;
				CLANG_WARN_UNGUARDED_AVAILABILITY = YES_AGGRESSIVE;
				CLANG_WARN_UNREACHABLE_CODE = YES;
				CLANG_WARN__DUPLICATE_METHOD_MATCH = YES;
				CODE_SIGN_IDENTITY = "iPhone Developer";
				COPY_PHASE_STRIP = NO;
				DEBUG_INFORMATION_FORMAT = "dwarf-with-dsym";
				ENABLE_NS_ASSERTIONS = NO;
				ENABLE_STRICT_OBJC_MSGSEND = YES;
				GCC_C_LANGUAGE_STANDARD = gnu11;
				GCC_NO_COMMON_BLOCKS = YES;
				GCC_WARN_64_TO_32_BIT_CONVERSION = YES;
				GCC_WARN_ABOUT_RETURN_TYPE = YES_ERROR;
				GCC_WARN_UNDECLARED_SELECTOR = YES;
				GCC_WARN_UNINITIALIZED_AUTOS = YES_AGGRESSIVE;
				GCC_WARN_UNUSED_FUNCTION = YES;
				GCC_WARN_UNUSED_VARIABLE = YES;
				IPHONEOS_DEPLOYMENT_TARGET = 12.2;
				MTL_ENABLE_DEBUG_INFO = NO;
				MTL_FAST_MATH = YES;
				SDKROOT = iphoneos;
				SWIFT_COMPILATION_MODE = wholemodule;
				SWIFT_OPTIMIZATION_LEVEL = "-O";
				VALIDATE_PRODUCT = YES;
			};
			name = Release;
		};
		844F9D4E23337A04003A0498 /* Debug */ = {
			isa = XCBuildConfiguration;
			buildSettings = {
				ASSETCATALOG_COMPILER_COMPLICATION_NAME = Complication;
				CODE_SIGN_STYLE = Automatic;
				INFOPLIST_FILE = "testWatch0.1 WatchKit Extension/Info.plist";
				LD_RUNPATH_SEARCH_PATHS = (
					"$(inherited)",
					"@executable_path/Frameworks",
					"@executable_path/../../Frameworks",
				);
				PRODUCT_BUNDLE_IDENTIFIER = "muOrg.testWatch0-1.watchkitapp.watchkitextension";
				PRODUCT_NAME = "${TARGET_NAME}";
				SDKROOT = watchos;
				SKIP_INSTALL = YES;
				SWIFT_VERSION = 5.0;
				TARGETED_DEVICE_FAMILY = 4;
				WATCHOS_DEPLOYMENT_TARGET = 5.2;
			};
			name = Debug;
		};
		844F9D4F23337A04003A0498 /* Release */ = {
			isa = XCBuildConfiguration;
			buildSettings = {
				ASSETCATALOG_COMPILER_COMPLICATION_NAME = Complication;
				CODE_SIGN_STYLE = Automatic;
				INFOPLIST_FILE = "testWatch0.1 WatchKit Extension/Info.plist";
				LD_RUNPATH_SEARCH_PATHS = (
					"$(inherited)",
					"@executable_path/Frameworks",
					"@executable_path/../../Frameworks",
				);
				PRODUCT_BUNDLE_IDENTIFIER = "muOrg.testWatch0-1.watchkitapp.watchkitextension";
				PRODUCT_NAME = "${TARGET_NAME}";
				SDKROOT = watchos;
				SKIP_INSTALL = YES;
				SWIFT_VERSION = 5.0;
				TARGETED_DEVICE_FAMILY = 4;
				WATCHOS_DEPLOYMENT_TARGET = 5.2;
			};
			name = Release;
		};
		844F9D5223337A04003A0498 /* Debug */ = {
			isa = XCBuildConfiguration;
			buildSettings = {
				ALWAYS_EMBED_SWIFT_STANDARD_LIBRARIES = YES;
				ASSETCATALOG_COMPILER_APPICON_NAME = AppIcon;
				CLANG_ENABLE_MODULES = YES;
				CODE_SIGN_STYLE = Automatic;
				IBSC_MODULE = testWatch0_1_WatchKit_Extension;
				INFOPLIST_FILE = "testWatch0.1 WatchKit App/Info.plist";
				LD_RUNPATH_SEARCH_PATHS = (
					"$(inherited)",
					"@executable_path/../Frameworks",
					"@loader_path/../Frameworks",
				);
				PRODUCT_BUNDLE_IDENTIFIER = "muOrg.testWatch0-1.watchkitapp";
				PRODUCT_NAME = "$(TARGET_NAME)";
				SDKROOT = watchos;
				SKIP_INSTALL = YES;
				SWIFT_OPTIMIZATION_LEVEL = "-Onone";
				SWIFT_VERSION = 5.0;
				TARGETED_DEVICE_FAMILY = 4;
				WATCHOS_DEPLOYMENT_TARGET = 5.2;
			};
			name = Debug;
		};
		844F9D5323337A04003A0498 /* Release */ = {
			isa = XCBuildConfiguration;
			buildSettings = {
				ALWAYS_EMBED_SWIFT_STANDARD_LIBRARIES = YES;
				ASSETCATALOG_COMPILER_APPICON_NAME = AppIcon;
				CLANG_ENABLE_MODULES = YES;
				CODE_SIGN_STYLE = Automatic;
				IBSC_MODULE = testWatch0_1_WatchKit_Extension;
				INFOPLIST_FILE = "testWatch0.1 WatchKit App/Info.plist";
				LD_RUNPATH_SEARCH_PATHS = (
					"$(inherited)",
					"@executable_path/../Frameworks",
					"@loader_path/../Frameworks",
				);
				PRODUCT_BUNDLE_IDENTIFIER = "muOrg.testWatch0-1.watchkitapp";
				PRODUCT_NAME = "$(TARGET_NAME)";
				SDKROOT = watchos;
				SKIP_INSTALL = YES;
				SWIFT_VERSION = 5.0;
				TARGETED_DEVICE_FAMILY = 4;
				WATCHOS_DEPLOYMENT_TARGET = 5.2;
			};
			name = Release;
		};
		844F9D5623337A04003A0498 /* Debug */ = {
			isa = XCBuildConfiguration;
			buildSettings = {
				ASSETCATALOG_COMPILER_APPICON_NAME = AppIcon;
				CODE_SIGN_STYLE = Automatic;
				INFOPLIST_FILE = testWatch0.1/Info.plist;
				LD_RUNPATH_SEARCH_PATHS = (
					"$(inherited)",
					"@executable_path/Frameworks",
				);
				PRODUCT_BUNDLE_IDENTIFIER = "muOrg.testWatch0-1";
				PRODUCT_NAME = "$(TARGET_NAME)";
				SWIFT_VERSION = 5.0;
				TARGETED_DEVICE_FAMILY = "1,2";
			};
			name = Debug;
		};
		844F9D5723337A04003A0498 /* Release */ = {
			isa = XCBuildConfiguration;
			buildSettings = {
				ASSETCATALOG_COMPILER_APPICON_NAME = AppIcon;
				CODE_SIGN_STYLE = Automatic;
				INFOPLIST_FILE = testWatch0.1/Info.plist;
				LD_RUNPATH_SEARCH_PATHS = (
					"$(inherited)",
					"@executable_path/Frameworks",
				);
				PRODUCT_BUNDLE_IDENTIFIER = "muOrg.testWatch0-1";
				PRODUCT_NAME = "$(TARGET_NAME)";
				SWIFT_VERSION = 5.0;
				TARGETED_DEVICE_FAMILY = "1,2";
			};
			name = Release;
		};
/* End XCBuildConfiguration section */

/* Begin XCConfigurationList section */
		844F9D1923337A01003A0498 /* Build configuration list for PBXProject "testWatch0.1" */ = {
			isa = XCConfigurationList;
			buildConfigurations = (
				844F9D4B23337A04003A0498 /* Debug */,
				844F9D4C23337A04003A0498 /* Release */,
			);
			defaultConfigurationIsVisible = 0;
			defaultConfigurationName = Release;
		};
		844F9D4D23337A04003A0498 /* Build configuration list for PBXNativeTarget "testWatch0.1 WatchKit Extension" */ = {
			isa = XCConfigurationList;
			buildConfigurations = (
				844F9D4E23337A04003A0498 /* Debug */,
				844F9D4F23337A04003A0498 /* Release */,
			);
			defaultConfigurationIsVisible = 0;
			defaultConfigurationName = Release;
		};
		844F9D5123337A04003A0498 /* Build configuration list for PBXNativeTarget "testWatch0.1 WatchKit App" */ = {
			isa = XCConfigurationList;
			buildConfigurations = (
				844F9D5223337A04003A0498 /* Debug */,
				844F9D5323337A04003A0498 /* Release */,
			);
			defaultConfigurationIsVisible = 0;
			defaultConfigurationName = Release;
		};
		844F9D5523337A04003A0498 /* Build configuration list for PBXNativeTarget "testWatch0.1" */ = {
			isa = XCConfigurationList;
			buildConfigurations = (
				844F9D5623337A04003A0498 /* Debug */,
				844F9D5723337A04003A0498 /* Release */,
			);
			defaultConfigurationIsVisible = 0;
			defaultConfigurationName = Release;
		};
/* End XCConfigurationList section */
	};
	rootObject = 844F9D1623337A01003A0498 /* Project object */;
}
